# THIS IS AN AUTOGENERATED FILE. DO NOT EDIT THIS FILE DIRECTLY.
# yarn lockfile v1


"@babel/runtime@^7.17.2", "@babel/runtime@^7.9.2":
  version "7.22.6"
  resolved "https://registry.yarnpkg.com/@babel/runtime/-/runtime-7.22.6.tgz#57d64b9ae3cff1d67eb067ae117dac087f5bd438"
  integrity sha512-wDb5pWm4WDdF6LFUde3Jl8WzPA+3ZbxYqkC6xAXuD3irdEHN1k0NfTRrJD8ZD378SJ61miMLCqIOXYhd8x+AJQ==
  dependencies:
    regenerator-runtime "^0.13.11"

"@faker-js/faker@^8.0.2":
  version "8.0.2"
  resolved "https://registry.yarnpkg.com/@faker-js/faker/-/faker-8.0.2.tgz#bab698c5d3da9c52744e966e0e3eedb6c8b05c37"
  integrity sha512-Uo3pGspElQW91PCvKSIAXoEgAUlRnH29sX2/p89kg7sP1m2PzCufHINd0FhTXQf6DYGiUlVncdSPa2F9wxed2A==

"@smartface/component-calendar@^5.0.5":
  version "5.0.5"
  resolved "https://registry.yarnpkg.com/@smartface/component-calendar/-/component-calendar-5.0.5.tgz#55d62fa5acc7cdc784f03dbb58411e90d330232d"
  integrity sha512-nAoiCswbKr+7Eubtx4AmQeEnr+mm2rT0j2IAWFxGFJub7lOdktal1UO+bK0oGu2XXpNFyjeuEVjX9X/5Z563wA==
  dependencies:
    "@types/moment-hijri" "^2.1.0"
    moment "^2.28.0"
    moment-hijri "2.1.2"
    source-map "0.6.1"

"@smartface/component-keyboardlayout@^5.0.0":
  version "5.0.4"
  resolved "https://registry.yarnpkg.com/@smartface/component-keyboardlayout/-/component-keyboardlayout-5.0.4.tgz#d204d2bb1695d04d2d4a5454ea08970c6256717b"
  integrity sha512-K/8VHTsYe0TS98F5CEB0V2RU8g43NMI1InWLHT0iUogSxsH2ilwf5RpwPojDr0n2vay6IiT1rEtrLKdZZ58tfw==

"@smartface/component-materialtextbox@^7.0.2":
  version "7.0.6"
  resolved "https://registry.yarnpkg.com/@smartface/component-materialtextbox/-/component-materialtextbox-7.0.6.tgz#7af080550d50a78563eabd930814a058836dc3ee"
  integrity sha512-1OjzdYYfx0dkTzZ90NP2mcwcOy5s4MVbGHDU0svFhyGuTxieITgEEfVCWXfj+j+8XvwVMmoK3E9rA8JWpaFWIA==

"@smartface/contx@^4.2.0":
  version "4.2.12"
  resolved "https://registry.yarnpkg.com/@smartface/contx/-/contx-4.2.12.tgz#46a606c06d78549a3d2fcca51a30a4cb242adf7a"
  integrity sha512-mif7hUmsTltvGowsADNxbk44024fdJIF8A8rhail3uCQ3lt5ksC3imdpiovobH/SANZtzgbGnJtHGRF9shS2fA==
  dependencies:
    "@smartface/html-to-text" "^1.0.0"
    "@smartface/styler" "^2.0.0"
    filtrex "^0.5.4"

"@smartface/core@^5.1.7":
  version "5.1.7"
  resolved "https://registry.yarnpkg.com/@smartface/core/-/core-5.1.7.tgz#87d1d1a642a0c156c1cf606c83c9ec1a045e4738"
  integrity sha512-h+Tc05QGqYdd6fGZjwM9pn3Hmi1NM9Bvbh78ZepRMRF8Si4vX/MzeN9HUpkjzstXxhhNpphIpV1bQZQ/NY0p8A==

"@smartface/extension-utils@^17.0.0":
  version "17.0.0"
  resolved "https://registry.yarnpkg.com/@smartface/extension-utils/-/extension-utils-17.0.0.tgz#d27035df322e228b15ce4aa2dc5467b313c56877"
  integrity sha512-Bfs7HxzpiTKodmTu688O1YFP7wEYtLeIZtj73ds+tkedTOpsX2ktdxH81Knv/Z9E3W0ryXTCpPrSNLEKyT++Bw==
  dependencies:
    "@smartface/webviewbridge" "^5.0.3-beta.2"
    apexcharts "^3.26.3"
    html-parse-stringify "1.0.2"
    mixin-deep "^1.3.1"
    query-string "^6.10.1"
    semver "^5.7.1"
    squel "^5.13.0"
    tinycolor2 "^1.4.1"

"@smartface/html-to-text@^1.0.0":
  version "1.2.0"
  resolved "https://registry.yarnpkg.com/@smartface/html-to-text/-/html-to-text-1.2.0.tgz#463cf8c60e30af0db96c9e136bcabbc7a37d764d"
  integrity sha512-yKoQY2nfWiVEfXKdqvtswxPTQjt+WeNZl8gqnUXxRzZcm/trzcyHx8KGzTQHdLysQCDtOQhyIZXPTaWlFaFzFg==
  dependencies:
    html-parse-stringify "1.0.2"

"@smartface/i18n@^5.0.8":
  version "5.1.7"
  resolved "https://registry.yarnpkg.com/@smartface/i18n/-/i18n-5.1.7.tgz#9ae90c7044ad911890b5524b56d3d031a073cf40"
  integrity sha512-vLEfni0Wu46d/9w9RFQ76sHC1oELEsys8mk8n2pl2kBlM99W8hN4Q/OUxemXnGWZdRTXQRGgMOcCyekcEr5r6Q==
  dependencies:
    i18next "21.6.15"

"@smartface/mixins@^5.1.6":
  version "5.1.7"
  resolved "https://registry.yarnpkg.com/@smartface/mixins/-/mixins-5.1.7.tgz#9c6dd0d46b98ff70ce77313f7d370c613f3f7f79"
  integrity sha512-Mm0Zdc0esH71B9eVi7h8szgiYHe0Gn7oDokLxaAsZORIVWEtJ3zsmzChzlDZZrrhWvHk6fgUzd6Jerz/muvRJg==
  dependencies:
    "@smartface/core" "^5.1.7"

"@smartface/native@5.1.5-alpha.2":
  version "5.1.5-alpha.2"
  resolved "https://registry.yarnpkg.com/@smartface/native/-/native-5.1.5-alpha.2.tgz#81ce88c8564a430ef6b82edf854f5fb6bbecab48"
  integrity sha512-9w2JiQjWrlRkBrVFo0Xmj9HG1NDqo3fYDpnF5h94owLHbeM0pge3kgqI+9jAcnVAMQDus1GmKBAvbVR/P36TCQ==
  dependencies:
    abort-controller "^3.0.0"
    events "^3.3.0"

"@smartface/plugin-firebase@7.2.1":
  version "7.2.1"
  resolved "https://registry.yarnpkg.com/@smartface/plugin-firebase/-/plugin-firebase-7.2.1.tgz#13985faeaac5f5a3b18bbaff57174d0ea4a8d6d8"
  integrity sha512-Q2cNrg3LqADtM0ckcX+EF1PSon7RChV78G95VePn8gFK0umeRtENja8yeDFcj3xr2lE48j2+ZYmmoZ/OfCu43A==

"@smartface/router@^2.3.1":
  version "2.4.1"
  resolved "https://registry.yarnpkg.com/@smartface/router/-/router-2.4.1.tgz#b968e247d99db15239b2321c066c95fc1fd0f15e"
  integrity sha512-A+xK+ur2ac4WtAa/ddmPa0VYbdPIT7mOhl8JB/gRF/n5swDTj8AYDygT/HIP9T9mIi/Qnl59kFo4RVUFGL2ZMQ==
  dependencies:
    path-to-regexp "^2.4.0"
    resolve-pathname "^2.2.0"

"@smartface/security@^5.1.2":
  version "5.1.7"
  resolved "https://registry.yarnpkg.com/@smartface/security/-/security-5.1.7.tgz#cdb8963ea2a5f2b3a62afe8aaa26369f0c377c61"
  integrity sha512-XkREYs20GBi14kqf4FTqRb9EKOFkZjTkjYSNli4Y0owS+2fLNOLzQscN2lMPaBtiqTYDySN7G2GaTH+ZEmVgPQ==

"@smartface/source-map@5.1.6":
  version "5.1.6"
  resolved "https://registry.yarnpkg.com/@smartface/source-map/-/source-map-5.1.6.tgz#84fdd9e4fbdad792483c29e70b7226817564b230"
  integrity sha512-wa8qvAUQUA7jvWaGxezWQtmwIuk+jGJHo0aIq0sHNNMwycU5QCXQbDX65zQEHJYSHeFLBrMvOkl7oRrugQDuMQ==
  dependencies:
    source-map "0.6.1"

"@smartface/styler@^2.0.0":
  version "2.1.0"
  resolved "https://registry.yarnpkg.com/@smartface/styler/-/styler-2.1.0.tgz#a4d200f80c391352af52c5b9fce3035939af2619"
  integrity sha512-c/SAF3eelLmA/k19Y1frDb+Vauw0OHV27gl1S0DwINA5saz1kN6InYYYmmxc4SJMX4lCeMNgCJZMK2X57vzEfg==

"@smartface/styling-context@5.1.7":
  version "5.1.7"
  resolved "https://registry.yarnpkg.com/@smartface/styling-context/-/styling-context-5.1.7.tgz#6225bf2458173c5dac0bae7bc16fb2e9136d9b40"
  integrity sha512-GwOn0/asWzQdH86fl8SEXJKho6hYElaRCqvo17zGZwtol7wN2vcNl6Gn2Q5ADJSfIkvGiSmOCUXD0UWQ6hB77A==
  dependencies:
    "@smartface/contx" "^4.2.0"
    "@smartface/styler" "^2.0.0"

"@smartface/webviewbridge@^5.0.3-beta.2":
  version "5.1.7"
  resolved "https://registry.yarnpkg.com/@smartface/webviewbridge/-/webviewbridge-5.1.7.tgz#2a73395de4953c663afc33d245f45d7c7580f217"
  integrity sha512-9cUPqy84Mj2XovFOP6+dpNcTCJR2vGvdHnNURGp6tKWl5/47xb7OMq2k45BWejok5rnfCB6mg9N70NtDZ1ce0w==
  dependencies:
    events "^3.3.0"

"@types/moment-hijri@^2.1.0":
  version "2.1.0"
  resolved "https://registry.yarnpkg.com/@types/moment-hijri/-/moment-hijri-2.1.0.tgz#ac79f3d97d74bf10afe6631cd33c19ad3f329d56"
  integrity sha512-2+jaCpPqiwcrejg8oCex7jITtRDjcQIu8s7GAY7uVlDoAaq3LiyLDoe1l9EiWZRCECahtdUDmdZHHS5THRC/hA==
  dependencies:
    moment ">=2.14.0"

abort-controller@^3.0.0:
  version "3.0.0"
  resolved "https://registry.yarnpkg.com/abort-controller/-/abort-controller-3.0.0.tgz#eaf54d53b62bae4138e809ca225c8439a6efb392"
  integrity sha512-h8lQ8tacZYnR3vNQTgibj+tODHI5/+l06Au2Pcriv/Gmet0eaj4TwWH41sO9wnHDiQsEj19q0drzdWdeAHtweg==
  dependencies:
    event-target-shim "^5.0.0"

apexcharts@^3.26.3:
  version "3.41.0"
  resolved "https://registry.yarnpkg.com/apexcharts/-/apexcharts-3.41.0.tgz#7aef77275c19dfb925552d6fc8e027443a6d1337"
  integrity sha512-FJXA7NVjxs1q+ptR3b1I+pN8K/gWuXn+qLZjFz8EHvJOokdgcuwa/HSe5aC465HW/LWnrjWLSTsOQejQbQ42hQ==
  dependencies:
    svg.draggable.js "^2.2.2"
    svg.easing.js "^2.0.0"
    svg.filter.js "^2.0.2"
    svg.pathmorphing.js "^0.1.3"
    svg.resize.js "^1.4.3"
    svg.select.js "^3.0.1"

axios@0.26.1:
  version "0.26.1"
  resolved "https://registry.yarnpkg.com/axios/-/axios-0.26.1.tgz#1ede41c51fcf51bbbd6fd43669caaa4f0495aaa9"
  integrity sha512-fPwcX4EvnSHuInCMItEhAGnaSEXRBjtzh9fOtsE6E1G6p7vl7edEeZe11QHf18+6+9gR5PbKV/sGKNaD8YaMeA==
  dependencies:
    follow-redirects "^1.14.8"

boolbase@^1.0.0:
  version "1.0.0"
  resolved "https://registry.yarnpkg.com/boolbase/-/boolbase-1.0.0.tgz#68dff5fbe60c51eb37725ea9e3ed310dcc1e776e"
  integrity sha512-JZOSA7Mo9sNGB8+UjSgzdLtokWAky1zbztM3WRLCbZ70/3cTANmQmOdR7y2g+J0e2WXywy1yS468tY+IruqEww==

css-select@^5.1.0:
  version "5.1.0"
  resolved "https://registry.yarnpkg.com/css-select/-/css-select-5.1.0.tgz#b8ebd6554c3637ccc76688804ad3f6a6fdaea8a6"
  integrity sha512-nwoRF1rvRRnnCqqY7updORDsuqKzqYJ28+oSMaJMMgOauh3fvwHqMS7EZpIPqK8GL+g9mKxF1vP/ZjSeNjEVHg==
  dependencies:
    boolbase "^1.0.0"
    css-what "^6.1.0"
    domhandler "^5.0.2"
    domutils "^3.0.1"
    nth-check "^2.0.1"

css-what@^6.1.0:
  version "6.1.0"
  resolved "https://registry.yarnpkg.com/css-what/-/css-what-6.1.0.tgz#fb5effcf76f1ddea2c81bdfaa4de44e79bac70f4"
  integrity sha512-HTUrgRJ7r4dsZKU6GjmpfRK1O76h97Z8MfS1G0FozR+oF2kG6Vfe8JE6zwrkbxigziPHinCJ+gCPjA9EaBDtRw==

dayjs@^1.11.6:
  version "1.11.9"
  resolved "https://registry.yarnpkg.com/dayjs/-/dayjs-1.11.9.tgz#9ca491933fadd0a60a2c19f6c237c03517d71d1a"
  integrity sha512-QvzAURSbQ0pKdIye2txOzNaHmxtUBXerpY0FJsFXUMKbIZeFm5ht1LS/jFsrncjnmtv8HsG0W2g6c0zUjZWmpA==

decode-uri-component@^0.2.0:
  version "0.2.2"
  resolved "https://registry.yarnpkg.com/decode-uri-component/-/decode-uri-component-0.2.2.tgz#e69dbe25d37941171dd540e024c444cd5188e1e9"
  integrity sha512-FqUYQ+8o158GyGTrMFJms9qh3CqTKvAqgqsTnkLI8sKu0028orqBhxNMFkFen0zGyg6epACD32pjVk58ngIErQ==

dom-serializer@^2.0.0:
  version "2.0.0"
  resolved "https://registry.yarnpkg.com/dom-serializer/-/dom-serializer-2.0.0.tgz#e41b802e1eedf9f6cae183ce5e622d789d7d8e53"
  integrity sha512-wIkAryiqt/nV5EQKqQpo3SToSOV9J0DnbJqwK7Wv/Trc92zIAYZ4FlMu+JPFW1DfGFt81ZTCGgDEabffXeLyJg==
  dependencies:
    domelementtype "^2.3.0"
    domhandler "^5.0.2"
    entities "^4.2.0"

domelementtype@^2.3.0:
  version "2.3.0"
  resolved "https://registry.yarnpkg.com/domelementtype/-/domelementtype-2.3.0.tgz#5c45e8e869952626331d7aab326d01daf65d589d"
  integrity sha512-OLETBj6w0OsagBwdXnPdN0cnMfF9opN69co+7ZrbfPGrdpPVNBUj02spi6B1N7wChLQiPn4CSH/zJvXw56gmHw==

domhandler@^5.0.2, domhandler@^5.0.3:
  version "5.0.3"
  resolved "https://registry.yarnpkg.com/domhandler/-/domhandler-5.0.3.tgz#cc385f7f751f1d1fc650c21374804254538c7d31"
  integrity sha512-cgwlv/1iFQiFnU96XXgROh8xTeetsnJiDsTc7TYCLFd9+/WNkIqPTxiM/8pSd8VIrhXGTf1Ny1q1hquVqDJB5w==
  dependencies:
    domelementtype "^2.3.0"

domutils@^3.0.1:
  version "3.1.0"
  resolved "https://registry.yarnpkg.com/domutils/-/domutils-3.1.0.tgz#c47f551278d3dc4b0b1ab8cbb42d751a6f0d824e"
  integrity sha512-H78uMmQtI2AhgDJjWeQmHwJJ2bLPD3GMmO7Zja/ZZh84wkm+4ut+IUnUdRa8uCGX88DiVx1j6FRe1XfxEgjEZA==
  dependencies:
    dom-serializer "^2.0.0"
    domelementtype "^2.3.0"
    domhandler "^5.0.3"

entities@^4.2.0:
  version "4.5.0"
  resolved "https://registry.yarnpkg.com/entities/-/entities-4.5.0.tgz#5d268ea5e7113ec74c4d033b79ea5a35a488fb48"
  integrity sha512-V0hjH4dGPh9Ao5p0MoRY6BVqtwCjhz6vI5LT8AJ55H+4g9/4vbHx1I54fS0XuclLhDHArPQCiMjDxjaL8fPxhw==

event-target-shim@^5.0.0:
  version "5.0.1"
  resolved "https://registry.yarnpkg.com/event-target-shim/-/event-target-shim-5.0.1.tgz#5d4d3ebdf9583d63a5333ce2deb7480ab2b05789"
  integrity sha512-i/2XbnSz/uxRCU6+NdVJgKWDTM427+MqYbkQzD321DuCQJUqOuJKIA0IM2+W2xtYHdKOmZ4dR6fExsd4SXL+WQ==

events@^3.3.0:
  version "3.3.0"
  resolved "https://registry.yarnpkg.com/events/-/events-3.3.0.tgz#31a95ad0a924e2d2c419a813aeb2c4e878ea7400"
  integrity sha512-mQw+2fkQbALzQ7V0MY0IqdnXNOeTtP4r0lN9z7AAawCXgqea7bDii20AYrIBrFd/Hx0M2Ocz6S111CaFkUcb0Q==

fast-deep-equal@^3.1.3:
  version "3.1.3"
  resolved "https://registry.yarnpkg.com/fast-deep-equal/-/fast-deep-equal-3.1.3.tgz#3a7d56b559d6cbc3eb512325244e619a65c6c525"
  integrity sha512-f3qQ9oQy9j2AhBe/H9VC91wLmKBCCU/gDOnKNAYG5hswO7BLKj09Hc5HYNz9cGI++xlpDCIgDaitVs03ATR84Q==

filter-obj@^1.1.0:
  version "1.1.0"
  resolved "https://registry.yarnpkg.com/filter-obj/-/filter-obj-1.1.0.tgz#9b311112bc6c6127a16e016c6c5d7f19e0805c5b"
  integrity sha512-8rXg1ZnX7xzy2NGDVkBVaAy+lSlPNwad13BtgSlLuxfIslyt5Vg64U7tFcCt4WS1R0hvtnQybT/IyCkGZ3DpXQ==

filtrex@^0.5.4:
  version "0.5.4"
  resolved "https://registry.yarnpkg.com/filtrex/-/filtrex-0.5.4.tgz#98075d518f068c4f58b7b589a227d98bd9f6395d"
  integrity sha512-2phGAjWOYRf96Al6s+w/hMjObP1cRyQ95hoZApjeFO75DXN4Flh9uuUAtL3LI4fkryLa2QWdA8MArvt0GMU0pA==

follow-redirects@^1.14.8:
  version "1.15.2"
  resolved "https://registry.yarnpkg.com/follow-redirects/-/follow-redirects-1.15.2.tgz#b460864144ba63f2681096f274c4e57026da2c13"
  integrity sha512-VQLG33o04KaQ8uYi2tVNbdrWp1QWxNNea+nmIB4EVM28v0hmP17z7aG1+wAkNzVq4KeXTq3221ye5qTJP91JwA==

for-in@^1.0.2:
  version "1.0.2"
  resolved "https://registry.yarnpkg.com/for-in/-/for-in-1.0.2.tgz#81068d295a8142ec0ac726c6e2200c30fb6d5e80"
  integrity sha512-7EwmXrOjyL+ChxMhmG5lnW9MPt1aIeZEwKhQzoBUdTV0N3zuwWDZYVJatDvZ2OyzPUvdIAZDsCetk3coyMfcnQ==

he@1.2.0:
  version "1.2.0"
  resolved "https://registry.yarnpkg.com/he/-/he-1.2.0.tgz#84ae65fa7eafb165fddb61566ae14baf05664f0f"
  integrity sha512-F/1DnUGPopORZi0ni+CvrCgHQ5FyEAHRLSApuYWMmrbSwoN2Mn/7k+Gl38gJnR7yyDZk6WLXwiGod1JOWNDKGw==

html-parse-stringify@1.0.2:
  version "1.0.2"
  resolved "https://registry.yarnpkg.com/html-parse-stringify/-/html-parse-stringify-1.0.2.tgz#1208e98cd7430ad7efb12e1e7acee9214fd22283"
  integrity sha512-4RzCiLUcRMt/p0YUcyXIt51qmP6f+TG8wX4yThrK6UkOX3bfy9DE1VHWD9mr7mNgr1BtYTMJ6EweNwj24D546w==
  dependencies:
    void-elements "^1.0.0"

i18next@21.6.15:
  version "21.6.15"
  resolved "https://registry.yarnpkg.com/i18next/-/i18next-21.6.15.tgz#077e5798dbbd53d3aaa8ad66193758bd19836dbe"
  integrity sha512-uMFyw5HGK9KSJ7ok/WUJfeNQj53VOR4NoITtErffWen2v2SjJfpCls7tKTLF1nTCdKRePY4lCoZMLKhRSj/1GA==
  dependencies:
    "@babel/runtime" "^7.17.2"

is-extendable@^1.0.1:
  version "1.0.1"
  resolved "https://registry.yarnpkg.com/is-extendable/-/is-extendable-1.0.1.tgz#a7470f9e426733d81bd81e1155264e3a3507cab4"
  integrity sha512-arnXMxT1hhoKo9k1LZdmlNyJdDDfy2v0fXjFlmok4+i8ul/6WlbVge9bhM74OpNPQPMGUToDtz+KXa1PneJxOA==
  dependencies:
    is-plain-object "^2.0.4"

is-plain-object@^2.0.4:
  version "2.0.4"
  resolved "https://registry.yarnpkg.com/is-plain-object/-/is-plain-object-2.0.4.tgz#2c163b3fafb1b606d9d17928f05c2a1c38e07677"
  integrity sha512-h5PpgXkWitc38BBMYawTYMWJHFZJVnBquFE57xFpjB8pJFiF6gZ+bU+WyI/yqXiFR5mdLsgYNaPe8uao6Uv9Og==
  dependencies:
    isobject "^3.0.1"

isobject@^3.0.1:
  version "3.0.1"
  resolved "https://registry.yarnpkg.com/isobject/-/isobject-3.0.1.tgz#4e431e92b11a9731636aa1f9c8d1ccbcfdab78df"
  integrity sha512-WhB9zCku7EGTj/HQQRz5aUQEUeoQZH2bWcltRErOpymJ4boYE6wL9Tbr23krRPSZ+C5zqNSrSw+Cc7sZZ4b7vg==

lru-cache@^6.0.0:
  version "6.0.0"
  resolved "https://registry.yarnpkg.com/lru-cache/-/lru-cache-6.0.0.tgz#6d6fe6570ebd96aaf90fcad1dafa3b2566db3a94"
  integrity sha512-Jo6dJ04CmSjuznwJSS3pUeWmd/H0ffTlkXXgwZi+eq1UCmqQwCh+eLsYOYCwY991i2Fah4h1BEMCx4qThGbsiA==
  dependencies:
    yallist "^4.0.0"

mixin-deep@^1.3.1:
  version "1.3.2"
  resolved "https://registry.yarnpkg.com/mixin-deep/-/mixin-deep-1.3.2.tgz#1120b43dc359a785dce65b55b82e257ccf479566"
  integrity sha512-WRoDn//mXBiJ1H40rqa3vH0toePwSsGb45iInWlTySa+Uu4k3tYUSxa2v1KqAiLtvlrSzaExqS1gtk96A9zvEA==
  dependencies:
    for-in "^1.0.2"
    is-extendable "^1.0.1"

moment-hijri@2.1.2:
  version "2.1.2"
  resolved "https://registry.yarnpkg.com/moment-hijri/-/moment-hijri-2.1.2.tgz#ed95fa4f1fec45b41da132c9d4103b2726215225"
  integrity sha512-p5ZOA1UzBHAAXiePh37XRjjwuyH78+1ShYZ7R6jogxketewG7kTCUjUmcP9c4Qsx8D8cqxwUWrESjtgdT6tNoA==
  dependencies:
    moment "^2.24.0"

moment@>=2.14.0, moment@^2.24.0, moment@^2.28.0:
  version "2.29.4"
  resolved "https://registry.yarnpkg.com/moment/-/moment-2.29.4.tgz#3dbe052889fe7c1b2ed966fcb3a77328964ef108"
  integrity sha512-5LC9SOxjSc2HF6vO2CyuTDNivEdoz2IvyJJGj6X8DJ0eFyfszE0QiEd+iXmBvUP3WHxSjFH/vIsA0EN00cgr8w==

node-html-parser@^6.1.5:
  version "6.1.5"
  resolved "https://registry.yarnpkg.com/node-html-parser/-/node-html-parser-6.1.5.tgz#c819dceb13a10a7642ff92f94f870b4f77968097"
  integrity sha512-fAaM511feX++/Chnhe475a0NHD8M7AxDInsqQpz6x63GRF7xYNdS8Vo5dKsIVPgsOvG7eioRRTZQnWBrhDHBSg==
  dependencies:
    css-select "^5.1.0"
    he "1.2.0"

nth-check@^2.0.1:
  version "2.1.1"
  resolved "https://registry.yarnpkg.com/nth-check/-/nth-check-2.1.1.tgz#c9eab428effce36cd6b92c924bdb000ef1f1ed1d"
  integrity sha512-lqjrjmaOoAnWfMmBPL+XNnynZh2+swxiX3WUE0s4yEHI6m+AwrK2UZOimIRl3X/4QctVqS8AiZjFqyOGrMXb/w==
  dependencies:
    boolbase "^1.0.0"

path-to-regexp@^2.4.0:
  version "2.4.0"
  resolved "https://registry.yarnpkg.com/path-to-regexp/-/path-to-regexp-2.4.0.tgz#35ce7f333d5616f1c1e1bfe266c3aba2e5b2e704"
  integrity sha512-G6zHoVqC6GGTQkZwF4lkuEyMbVOjoBKAEybQUypI1WTkqinCOrq2x6U2+phkJ1XsEMTy4LjtwPI7HW+NVrRR2w==

qrcode-generator@^1.4.4:
  version "1.4.4"
  resolved "https://registry.yarnpkg.com/qrcode-generator/-/qrcode-generator-1.4.4.tgz#63f771224854759329a99048806a53ed278740e7"
  integrity sha512-HM7yY8O2ilqhmULxGMpcHSF1EhJJ9yBj8gvDEuZ6M+KGJ0YY2hKpnXvRD+hZPLrDVck3ExIGhmPtSdcjC+guuw==

query-string@^6.10.1:
  version "6.14.1"
  resolved "https://registry.yarnpkg.com/query-string/-/query-string-6.14.1.tgz#7ac2dca46da7f309449ba0f86b1fd28255b0c86a"
  integrity sha512-XDxAeVmpfu1/6IjyT/gXHOl+S0vQ9owggJ30hhWKdHAsNPOcasn5o9BW0eejZqL2e4vMjhAxoW3jVHcD6mbcYw==
  dependencies:
    decode-uri-component "^0.2.0"
    filter-obj "^1.1.0"
    split-on-first "^1.0.0"
    strict-uri-encode "^2.0.0"

redux@^4.1.2:
  version "4.2.1"
  resolved "https://registry.yarnpkg.com/redux/-/redux-4.2.1.tgz#c08f4306826c49b5e9dc901dee0452ea8fce6197"
  integrity sha512-LAUYz4lc+Do8/g7aeRa8JkyDErK6ekstQaqWQrNRW//MY1TvCEpMtpTWvlQ+FPbWCx+Xixu/6SHt5N0HR+SB4w==
  dependencies:
    "@babel/runtime" "^7.9.2"

regenerator-runtime@^0.13.11:
  version "0.13.11"
  resolved "https://registry.yarnpkg.com/regenerator-runtime/-/regenerator-runtime-0.13.11.tgz#f6dca3e7ceec20590d07ada785636a90cdca17f9"
  integrity sha512-kY1AZVr2Ra+t+piVaJ4gxaFaReZVH40AKNo7UCX6W+dEwBo/2oZJzqfuN1qLq1oL45o56cPaTXELwrTh8Fpggg==

resolve-pathname@^2.2.0:
  version "2.2.0"
  resolved "https://registry.yarnpkg.com/resolve-pathname/-/resolve-pathname-2.2.0.tgz#7e9ae21ed815fd63ab189adeee64dc831eefa879"
  integrity sha512-bAFz9ld18RzJfddgrO2e/0S2O81710++chRMUxHjXOYKF6jTAMrUNZrEZ1PvV0zlhfjidm08iRPdTLPno1FuRg==

semver@^5.7.1:
  version "5.7.1"
  resolved "https://registry.yarnpkg.com/semver/-/semver-5.7.1.tgz#a954f931aeba508d307bbf069eff0c01c96116f7"
  integrity sha512-sauaDf/PZdVgrLTNYHRtpXa1iRiKcaebiKQ1BJdpQlWH2lCvexQdX55snPFyK7QzpudqbCI0qXFfOasHdyNDGQ==

semver@^7.3.8:
  version "7.5.3"
  resolved "https://registry.yarnpkg.com/semver/-/semver-7.5.3.tgz#161ce8c2c6b4b3bdca6caadc9fa3317a4c4fe88e"
  integrity sha512-QBlUtyVk/5EeHbi7X0fw6liDZc7BBmEaSYn01fMU1OUYbf6GPsbTtd8WmnqbI20SeycoHSeiybkE/q1Q+qlThQ==
  dependencies:
    lru-cache "^6.0.0"

source-map@0.6.1:
  version "0.6.1"
  resolved "https://registry.yarnpkg.com/source-map/-/source-map-0.6.1.tgz#74722af32e9614e9c287a8d0bbde48b5e2f1a263"
  integrity sha512-UjgapumWlbMhkBgzT7Ykc5YXUT46F0iKu8SGXq0bcwP5dz/h0Plj6enJqjz1Zbq2l5WaqYnrVbwWOWMyF3F47g==

split-on-first@^1.0.0:
  version "1.1.0"
  resolved "https://registry.yarnpkg.com/split-on-first/-/split-on-first-1.1.0.tgz#f610afeee3b12bce1d0c30425e76398b78249a5f"
  integrity sha512-43ZssAJaMusuKWL8sKUBQXHWOpq8d6CfN/u1p4gUzfJkM05C8rxTmYrkIPTXapZpORA6LkkzcUulJ8FqA7Uudw==

squel@^5.13.0:
  version "5.13.0"
  resolved "https://registry.yarnpkg.com/squel/-/squel-5.13.0.tgz#09cc73e91f0d0e326482605ee76e3b7ac881ddf6"
  integrity sha512-Fzd8zqbuqNwzodO3yO6MkX8qiDoVBuwqAaa3eKNz4idhBf24IQHbatBhLUiHAGGl962eGvPVRxzRuFWZlSf49w==

strict-uri-encode@^2.0.0:
  version "2.0.0"
  resolved "https://registry.yarnpkg.com/strict-uri-encode/-/strict-uri-encode-2.0.0.tgz#b9c7330c7042862f6b142dc274bbcc5866ce3546"
  integrity sha512-QwiXZgpRcKkhTj2Scnn++4PKtWsH0kpzZ62L2R6c/LUVYv7hVnZqcg2+sMuT6R7Jusu1vviK/MFsu6kNJfWlEQ==

svg.draggable.js@^2.2.2:
  version "2.2.2"
  resolved "https://registry.yarnpkg.com/svg.draggable.js/-/svg.draggable.js-2.2.2.tgz#c514a2f1405efb6f0263e7958f5b68fce50603ba"
  integrity sha512-JzNHBc2fLQMzYCZ90KZHN2ohXL0BQJGQimK1kGk6AvSeibuKcIdDX9Kr0dT9+UJ5O8nYA0RB839Lhvk4CY4MZw==
  dependencies:
    svg.js "^2.0.1"

svg.easing.js@^2.0.0:
  version "2.0.0"
  resolved "https://registry.yarnpkg.com/svg.easing.js/-/svg.easing.js-2.0.0.tgz#8aa9946b0a8e27857a5c40a10eba4091e5691f12"
  integrity sha512-//ctPdJMGy22YoYGV+3HEfHbm6/69LJUTAqI2/5qBvaNHZ9uUFVC82B0Pl299HzgH13rKrBgi4+XyXXyVWWthA==
  dependencies:
    svg.js ">=2.3.x"

svg.filter.js@^2.0.2:
  version "2.0.2"
  resolved "https://registry.yarnpkg.com/svg.filter.js/-/svg.filter.js-2.0.2.tgz#91008e151389dd9230779fcbe6e2c9a362d1c203"
  integrity sha512-xkGBwU+dKBzqg5PtilaTb0EYPqPfJ9Q6saVldX+5vCRy31P6TlRCP3U9NxH3HEufkKkpNgdTLBJnmhDHeTqAkw==
  dependencies:
    svg.js "^2.2.5"

svg.js@>=2.3.x, svg.js@^2.0.1, svg.js@^2.2.5, svg.js@^2.4.0, svg.js@^2.6.5:
  version "2.7.1"
  resolved "https://registry.yarnpkg.com/svg.js/-/svg.js-2.7.1.tgz#eb977ed4737001eab859949b4a398ee1bb79948d"
  integrity sha512-ycbxpizEQktk3FYvn/8BH+6/EuWXg7ZpQREJvgacqn46gIddG24tNNe4Son6omdXCnSOaApnpZw6MPCBA1dODA==

svg.pathmorphing.js@^0.1.3:
  version "0.1.3"
  resolved "https://registry.yarnpkg.com/svg.pathmorphing.js/-/svg.pathmorphing.js-0.1.3.tgz#c25718a1cc7c36e852ecabc380e758ac09bb2b65"
  integrity sha512-49HWI9X4XQR/JG1qXkSDV8xViuTLIWm/B/7YuQELV5KMOPtXjiwH4XPJvr/ghEDibmLQ9Oc22dpWpG0vUDDNww==
  dependencies:
    svg.js "^2.4.0"

svg.resize.js@^1.4.3:
  version "1.4.3"
  resolved "https://registry.yarnpkg.com/svg.resize.js/-/svg.resize.js-1.4.3.tgz#885abd248e0cd205b36b973c4b578b9a36f23332"
  integrity sha512-9k5sXJuPKp+mVzXNvxz7U0uC9oVMQrrf7cFsETznzUDDm0x8+77dtZkWdMfRlmbkEEYvUn9btKuZ3n41oNA+uw==
  dependencies:
    svg.js "^2.6.5"
    svg.select.js "^2.1.2"

svg.select.js@^2.1.2:
  version "2.1.2"
  resolved "https://registry.yarnpkg.com/svg.select.js/-/svg.select.js-2.1.2.tgz#e41ce13b1acff43a7441f9f8be87a2319c87be73"
  integrity sha512-tH6ABEyJsAOVAhwcCjF8mw4crjXSI1aa7j2VQR8ZuJ37H2MBUbyeqYr5nEO7sSN3cy9AR9DUwNg0t/962HlDbQ==
  dependencies:
    svg.js "^2.2.5"

svg.select.js@^3.0.1:
  version "3.0.1"
  resolved "https://registry.yarnpkg.com/svg.select.js/-/svg.select.js-3.0.1.tgz#a4198e359f3825739226415f82176a90ea5cc917"
  integrity sha512-h5IS/hKkuVCbKSieR9uQCj9w+zLHoPh+ce19bBYyqF53g6mnPB8sAtIbe1s9dh2S2fCmYX2xel1Ln3PJBbK4kw==
  dependencies:
    svg.js "^2.6.5"

tinycolor2@^1.4.1:
  version "1.6.0"
  resolved "https://registry.yarnpkg.com/tinycolor2/-/tinycolor2-1.6.0.tgz#f98007460169b0263b97072c5ae92484ce02d09e"
  integrity sha512-XPaBkWQJdsf3pLKJV9p4qN/S+fm2Oj8AIPo1BTUhg5oxkvm9+SVEGFdhyOz7tTdUTfvxMiAs4sp6/eZO2Ew+pw==

urijs@^1.19.11:
  version "1.19.11"
  resolved "https://registry.yarnpkg.com/urijs/-/urijs-1.19.11.tgz#204b0d6b605ae80bea54bea39280cdb7c9f923cc"
  integrity sha512-HXgFDgDommxn5/bIv0cnQZsPhHDA90NPHD6+c/v21U5+Sx5hoP8+dP9IZXBU1gIfvdRfhG8cel9QNPeionfcCQ==

void-elements@^1.0.0:
  version "1.0.0"
  resolved "https://registry.yarnpkg.com/void-elements/-/void-elements-1.0.0.tgz#6e5db1e35d591f5ac690ce1a340f793a817b2c2a"
  integrity sha512-Ypv2nBd59g63ouzrZaojQXHdRbnLhT1uuZtEXISmymV3MSiA5Qdwn4YxDlhBZoCYTninng14Y2J7pSrg9zq1/g==

yallist@^4.0.0:
  version "4.0.0"
  resolved "https://registry.yarnpkg.com/yallist/-/yallist-4.0.0.tgz#9bb92790d9c0effec63be73519e11a35019a3a72"
  integrity sha512-3wdGidZyq5PB084XLES5TpOSRA3wjXAlIWMhum2kRcv/41Sn2emQ0dycQW4uZXLejwKvg6EsvbdlVL+FYEct7A==
